PODS:
  - Alamofire (5.5.0)
  - DropDown (2.3.13)
  - EasyPeasy (1.10.0)
  - Kingfisher (7.2.0)
  - Moya (15.0.0):
    - Moya/Core (= 15.0.0)
  - Moya/Core (15.0.0):
    - Alamofire (~> 5.0)
  - R.swift (6.1.0):
    - R.swift.Library (~> 5.3.0)
  - R.swift.Library (5.3.0)
  - Realm (10.25.0):
    - Realm/Headers (= 10.25.0)
  - Realm/Headers (10.25.0)
  - RealmSwift (10.25.0):
    - Realm (= 10.25.0)
  - SkeletonView (1.29.2)

DEPENDENCIES:
  - DropDown
  - EasyPeasy
  - Kingfisher
  - Moya
  - R.swift
  - RealmSwift
  - SkeletonView

SPEC REPOS:
  trunk:
    - Alamofire
    - DropDown
    - EasyPeasy
    - Kingfisher
    - Moya
    - R.swift
    - R.swift.Library
    - Realm
    - RealmSwift
    - SkeletonView

SPEC CHECKSUMS:
  Alamofire: 1c4fb5369c3fe93d2857c780d8bbe09f06f97e7c
  DropDown: 8a2116376c1981888557f72ec2ffc9a5e0e456ec
  EasyPeasy: b9b1bae024d21a7dfa9bad26d6826d88348cc6f1
  Kingfisher: 3ac0b75b155cabc0e544877d1a4deea29feece92
  Moya: 138f0573e53411fb3dc17016add0b748dfbd78ee
  R.swift: ec98ff71c4ab2f6fd01dd077e5afd15e63a4834c
  R.swift.Library: 0fc583cb55a99e28901299cc451614cad1161962
  Realm: 22a82aaa0e73f3483e3a6df32549c4c5cd34aa63
  RealmSwift: c2a635212400923edd3f828b8a37d55d3eb31863
  SkeletonView: 915a80ecc2b6421ab7ac0f0212321c0cc1406472

PODFILE CHECKSUM: 3f09d19841906d6f1aabde8b6d037ccc363b8178

COCOAPODS: 1.11.2
